// !$*UTF8*$!
{
	archiveVersion = 1;
	classes = {
	};
	objectVersion = 50;
	objects = {

/* Begin PBXBuildFile section */
		EB4E3EF2223FA69400867C28 /* AppDelegate.swift in Sources */ = {isa = PBXBuildFile; fileRef = EB4E3EF1223FA69400867C28 /* AppDelegate.swift */; };
		EB4E3EF4223FA69400867C28 /* ViewController.swift in Sources */ = {isa = PBXBuildFile; fileRef = EB4E3EF3223FA69400867C28 /* ViewController.swift */; };
		EB4E3EF7223FA69400867C28 /* Main.storyboard in Resources */ = {isa = PBXBuildFile; fileRef = EB4E3EF5223FA69400867C28 /* Main.storyboard */; };
		EB4E3EF9223FA69500867C28 /* Assets.xcassets in Resources */ = {isa = PBXBuildFile; fileRef = EB4E3EF8223FA69500867C28 /* Assets.xcassets */; };
		EB4E3EFC223FA69500867C28 /* LaunchScreen.storyboard in Resources */ = {isa = PBXBuildFile; fileRef = EB4E3EFA223FA69500867C28 /* LaunchScreen.storyboard */; };
		EB4E3F05223FAB1600867C28 /* Intents.intentdefinition in Sources */ = {isa = PBXBuildFile; fileRef = EB4E3F04223FAB1600867C28 /* Intents.intentdefinition */; };
		EB4E3F0D223FACE500867C28 /* IntentHandler.swift in Sources */ = {isa = PBXBuildFile; fileRef = EB4E3F0C223FACE500867C28 /* IntentHandler.swift */; };
		EB4E3F16223FACE600867C28 /* IntentsUI.framework in Frameworks */ = {isa = PBXBuildFile; fileRef = EB4E3F15223FACE600867C28 /* IntentsUI.framework */; };
		EB4E3F19223FACE600867C28 /* IntentViewController.swift in Sources */ = {isa = PBXBuildFile; fileRef = EB4E3F18223FACE600867C28 /* IntentViewController.swift */; };
		EB4E3F1C223FACE600867C28 /* MainInterface.storyboard in Resources */ = {isa = PBXBuildFile; fileRef = EB4E3F1A223FACE600867C28 /* MainInterface.storyboard */; };
		EB4E3F20223FACE600867C28 /* IntentUI.appex in Embed App Extensions */ = {isa = PBXBuildFile; fileRef = EB4E3F13223FACE600867C28 /* IntentUI.appex */; settings = {ATTRIBUTES = (RemoveHeadersOnCopy, ); }; };
		EB4E3F23223FACE600867C28 /* Intent.appex in Embed App Extensions */ = {isa = PBXBuildFile; fileRef = EB4E3F0A223FACE500867C28 /* Intent.appex */; settings = {ATTRIBUTES = (RemoveHeadersOnCopy, ); }; };
		EB4E3F2B223FAD1600867C28 /* Intents.intentdefinition in Sources */ = {isa = PBXBuildFile; fileRef = EB4E3F04223FAB1600867C28 /* Intents.intentdefinition */; };
		EB4E3F2C223FAD1700867C28 /* Intents.intentdefinition in Sources */ = {isa = PBXBuildFile; fileRef = EB4E3F04223FAB1600867C28 /* Intents.intentdefinition */; };
		EB4E3F2E223FAD6000867C28 /* SwitchLightsIntentHandler.swift in Sources */ = {isa = PBXBuildFile; fileRef = EB4E3F2D223FAD6000867C28 /* SwitchLightsIntentHandler.swift */; };
		EB4E3F2F223FCBB700867C28 /* SwitchLightsIntentHandler.swift in Sources */ = {isa = PBXBuildFile; fileRef = EB4E3F2D223FAD6000867C28 /* SwitchLightsIntentHandler.swift */; };
/* End PBXBuildFile section */

/* Begin PBXContainerItemProxy section */
		EB4E3F1E223FACE600867C28 /* PBXContainerItemProxy */ = {
			isa = PBXContainerItemProxy;
			containerPortal = EB4E3EE6223FA69400867C28 /* Project object */;
			proxyType = 1;
			remoteGlobalIDString = EB4E3F12223FACE600867C28;
			remoteInfo = IntentUI;
		};
		EB4E3F21223FACE600867C28 /* PBXContainerItemProxy */ = {
			isa = PBXContainerItemProxy;
			containerPortal = EB4E3EE6223FA69400867C28 /* Project object */;
			proxyType = 1;
			remoteGlobalIDString = EB4E3F09223FACE500867C28;
			remoteInfo = Intent;
		};
/* End PBXContainerItemProxy section */

/* Begin PBXCopyFilesBuildPhase section */
		EB4E3F2A223FACE600867C28 /* Embed App Extensions */ = {
			isa = PBXCopyFilesBuildPhase;
			buildActionMask = 2147483647;
			dstPath = "";
			dstSubfolderSpec = 13;
			files = (
				EB4E3F23223FACE600867C28 /* Intent.appex in Embed App Extensions */,
				EB4E3F20223FACE600867C28 /* IntentUI.appex in Embed App Extensions */,
			);
			name = "Embed App Extensions";
			runOnlyForDeploymentPostprocessing = 0;
		};
/* End PBXCopyFilesBuildPhase section */

/* Begin PBXFileReference section */
		EB4E3EEE223FA69400867C28 /* Siri.app */ = {isa = PBXFileReference; explicitFileType = wrapper.application; includeInIndex = 0; path = Siri.app; sourceTree = BUILT_PRODUCTS_DIR; };
		EB4E3EF1223FA69400867C28 /* AppDelegate.swift */ = {isa = PBXFileReference; lastKnownFileType = sourcecode.swift; path = AppDelegate.swift; sourceTree = "<group>"; };
		EB4E3EF3223FA69400867C28 /* ViewController.swift */ = {isa = PBXFileReference; lastKnownFileType = sourcecode.swift; path = ViewController.swift; sourceTree = "<group>"; };
		EB4E3EF6223FA69400867C28 /* Base */ = {isa = PBXFileReference; lastKnownFileType = file.storyboard; name = Base; path = Base.lproj/Main.storyboard; sourceTree = "<group>"; };
		EB4E3EF8223FA69500867C28 /* Assets.xcassets */ = {isa = PBXFileReference; lastKnownFileType = folder.assetcatalog; path = Assets.xcassets; sourceTree = "<group>"; };
		EB4E3EFB223FA69500867C28 /* Base */ = {isa = PBXFileReference; lastKnownFileType = file.storyboard; name = Base; path = Base.lproj/LaunchScreen.storyboard; sourceTree = "<group>"; };
		EB4E3EFD223FA69500867C28 /* Info.plist */ = {isa = PBXFileReference; lastKnownFileType = text.plist.xml; path = Info.plist; sourceTree = "<group>"; };
		EB4E3F03223FAACA00867C28 /* Siri.entitlements */ = {isa = PBXFileReference; lastKnownFileType = text.plist.entitlements; path = Siri.entitlements; sourceTree = "<group>"; };
		EB4E3F04223FAB1600867C28 /* Intents.intentdefinition */ = {isa = PBXFileReference; lastKnownFileType = file.intentdefinition; path = Intents.intentdefinition; sourceTree = "<group>"; };
		EB4E3F0A223FACE500867C28 /* Intent.appex */ = {isa = PBXFileReference; explicitFileType = "wrapper.app-extension"; includeInIndex = 0; path = Intent.appex; sourceTree = BUILT_PRODUCTS_DIR; };
		EB4E3F0C223FACE500867C28 /* IntentHandler.swift */ = {isa = PBXFileReference; lastKnownFileType = sourcecode.swift; path = IntentHandler.swift; sourceTree = "<group>"; };
		EB4E3F0E223FACE500867C28 /* Info.plist */ = {isa = PBXFileReference; lastKnownFileType = text.plist.xml; path = Info.plist; sourceTree = "<group>"; };
		EB4E3F13223FACE600867C28 /* IntentUI.appex */ = {isa = PBXFileReference; explicitFileType = "wrapper.app-extension"; includeInIndex = 0; path = IntentUI.appex; sourceTree = BUILT_PRODUCTS_DIR; };
		EB4E3F15223FACE600867C28 /* IntentsUI.framework */ = {isa = PBXFileReference; lastKnownFileType = wrapper.framework; name = IntentsUI.framework; path = System/Library/Frameworks/IntentsUI.framework; sourceTree = SDKROOT; };
		EB4E3F18223FACE600867C28 /* IntentViewController.swift */ = {isa = PBXFileReference; lastKnownFileType = sourcecode.swift; path = IntentViewController.swift; sourceTree = "<group>"; };
		EB4E3F1B223FACE600867C28 /* Base */ = {isa = PBXFileReference; lastKnownFileType = file.storyboard; name = Base; path = Base.lproj/MainInterface.storyboard; sourceTree = "<group>"; };
		EB4E3F1D223FACE600867C28 /* Info.plist */ = {isa = PBXFileReference; lastKnownFileType = text.plist.xml; path = Info.plist; sourceTree = "<group>"; };
		EB4E3F2D223FAD6000867C28 /* SwitchLightsIntentHandler.swift */ = {isa = PBXFileReference; lastKnownFileType = sourcecode.swift; path = SwitchLightsIntentHandler.swift; sourceTree = "<group>"; };
/* End PBXFileReference section */

/* Begin PBXFrameworksBuildPhase section */
		EB4E3EEB223FA69400867C28 /* Frameworks */ = {
			isa = PBXFrameworksBuildPhase;
			buildActionMask = 2147483647;
			files = (
			);
			runOnlyForDeploymentPostprocessing = 0;
		};
		EB4E3F07223FACE500867C28 /* Frameworks */ = {
			isa = PBXFrameworksBuildPhase;
			buildActionMask = 2147483647;
			files = (
			);
			runOnlyForDeploymentPostprocessing = 0;
		};
		EB4E3F10223FACE600867C28 /* Frameworks */ = {
			isa = PBXFrameworksBuildPhase;
			buildActionMask = 2147483647;
			files = (
				EB4E3F16223FACE600867C28 /* IntentsUI.framework in Frameworks */,
			);
			runOnlyForDeploymentPostprocessing = 0;
		};
/* End PBXFrameworksBuildPhase section */

/* Begin PBXGroup section */
		EB4E3EE5223FA69400867C28 = {
			isa = PBXGroup;
			children = (
				EB4E3EF0223FA69400867C28 /* Siri */,
				EB4E3F0B223FACE500867C28 /* Intent */,
				EB4E3F17223FACE600867C28 /* IntentUI */,
				EB4E3F14223FACE600867C28 /* Frameworks */,
				EB4E3EEF223FA69400867C28 /* Products */,
			);
			sourceTree = "<group>";
		};
		EB4E3EEF223FA69400867C28 /* Products */ = {
			isa = PBXGroup;
			children = (
				EB4E3EEE223FA69400867C28 /* Siri.app */,
				EB4E3F0A223FACE500867C28 /* Intent.appex */,
				EB4E3F13223FACE600867C28 /* IntentUI.appex */,
			);
			name = Products;
			sourceTree = "<group>";
		};
		EB4E3EF0223FA69400867C28 /* Siri */ = {
			isa = PBXGroup;
			children = (
				EB4E3F03223FAACA00867C28 /* Siri.entitlements */,
				EB4E3EF1223FA69400867C28 /* AppDelegate.swift */,
				EB4E3EF3223FA69400867C28 /* ViewController.swift */,
				EB4E3EF5223FA69400867C28 /* Main.storyboard */,
				EB4E3EF8223FA69500867C28 /* Assets.xcassets */,
				EB4E3EFA223FA69500867C28 /* LaunchScreen.storyboard */,
				EB4E3F04223FAB1600867C28 /* Intents.intentdefinition */,
				EB4E3EFD223FA69500867C28 /* Info.plist */,
			);
			path = Siri;
			sourceTree = "<group>";
		};
		EB4E3F0B223FACE500867C28 /* Intent */ = {
			isa = PBXGroup;
			children = (
				EB4E3F0C223FACE500867C28 /* IntentHandler.swift */,
				EB4E3F2D223FAD6000867C28 /* SwitchLightsIntentHandler.swift */,
				EB4E3F0E223FACE500867C28 /* Info.plist */,
			);
			path = Intent;
			sourceTree = "<group>";
		};
		EB4E3F14223FACE600867C28 /* Frameworks */ = {
			isa = PBXGroup;
			children = (
				EB4E3F15223FACE600867C28 /* IntentsUI.framework */,
			);
			name = Frameworks;
			sourceTree = "<group>";
		};
		EB4E3F17223FACE600867C28 /* IntentUI */ = {
			isa = PBXGroup;
			children = (
				EB4E3F18223FACE600867C28 /* IntentViewController.swift */,
				EB4E3F1A223FACE600867C28 /* MainInterface.storyboard */,
				EB4E3F1D223FACE600867C28 /* Info.plist */,
			);
			path = IntentUI;
			sourceTree = "<group>";
		};
/* End PBXGroup section */

/* Begin PBXNativeTarget section */
		EB4E3EED223FA69400867C28 /* Siri */ = {
			isa = PBXNativeTarget;
			buildConfigurationList = EB4E3F00223FA69500867C28 /* Build configuration list for PBXNativeTarget "Siri" */;
			buildPhases = (
				EB4E3EEA223FA69400867C28 /* Sources */,
				EB4E3EEB223FA69400867C28 /* Frameworks */,
				EB4E3EEC223FA69400867C28 /* Resources */,
				EB4E3F2A223FACE600867C28 /* Embed App Extensions */,
			);
			buildRules = (
			);
			dependencies = (
				EB4E3F1F223FACE600867C28 /* PBXTargetDependency */,
				EB4E3F22223FACE600867C28 /* PBXTargetDependency */,
			);
			name = Siri;
			productName = Siri;
			productReference = EB4E3EEE223FA69400867C28 /* Siri.app */;
			productType = "com.apple.product-type.application";
		};
		EB4E3F09223FACE500867C28 /* Intent */ = {
			isa = PBXNativeTarget;
			buildConfigurationList = EB4E3F27223FACE600867C28 /* Build configuration list for PBXNativeTarget "Intent" */;
			buildPhases = (
				EB4E3F06223FACE500867C28 /* Sources */,
				EB4E3F07223FACE500867C28 /* Frameworks */,
				EB4E3F08223FACE500867C28 /* Resources */,
			);
			buildRules = (
			);
			dependencies = (
			);
			name = Intent;
			productName = Intent;
			productReference = EB4E3F0A223FACE500867C28 /* Intent.appex */;
			productType = "com.apple.product-type.app-extension";
		};
		EB4E3F12223FACE600867C28 /* IntentUI */ = {
			isa = PBXNativeTarget;
			buildConfigurationList = EB4E3F24223FACE600867C28 /* Build configuration list for PBXNativeTarget "IntentUI" */;
			buildPhases = (
				EB4E3F0F223FACE600867C28 /* Sources */,
				EB4E3F10223FACE600867C28 /* Frameworks */,
				EB4E3F11223FACE600867C28 /* Resources */,
			);
			buildRules = (
			);
			dependencies = (
			);
			name = IntentUI;
			productName = IntentUI;
			productReference = EB4E3F13223FACE600867C28 /* IntentUI.appex */;
			productType = "com.apple.product-type.app-extension";
		};
/* End PBXNativeTarget section */

/* Begin PBXProject section */
		EB4E3EE6223FA69400867C28 /* Project object */ = {
			isa = PBXProject;
			attributes = {
				LastSwiftUpdateCheck = 1010;
				LastUpgradeCheck = 1010;
				ORGANIZATIONNAME = "Matilda Dahlberg";
				TargetAttributes = {
					EB4E3EED223FA69400867C28 = {
						CreatedOnToolsVersion = 10.1;
						SystemCapabilities = {
							com.apple.Siri = {
								enabled = 1;
							};
						};
					};
					EB4E3F09223FACE500867C28 = {
						CreatedOnToolsVersion = 10.1;
					};
					EB4E3F12223FACE600867C28 = {
						CreatedOnToolsVersion = 10.1;
					};
				};
			};
			buildConfigurationList = EB4E3EE9223FA69400867C28 /* Build configuration list for PBXProject "Siri" */;
			compatibilityVersion = "Xcode 9.3";
			developmentRegion = en;
			hasScannedForEncodings = 0;
			knownRegions = (
				en,
				Base,
			);
			mainGroup = EB4E3EE5223FA69400867C28;
			productRefGroup = EB4E3EEF223FA69400867C28 /* Products */;
			projectDirPath = "";
			projectRoot = "";
			targets = (
				EB4E3EED223FA69400867C28 /* Siri */,
				EB4E3F09223FACE500867C28 /* Intent */,
				EB4E3F12223FACE600867C28 /* IntentUI */,
			);
		};
/* End PBXProject section */

/* Begin PBXResourcesBuildPhase section */
		EB4E3EEC223FA69400867C28 /* Resources */ = {
			isa = PBXResourcesBuildPhase;
			buildActionMask = 2147483647;
			files = (
				EB4E3EFC223FA69500867C28 /* LaunchScreen.storyboard in Resources */,
				EB4E3EF9223FA69500867C28 /* Assets.xcassets in Resources */,
				EB4E3EF7223FA69400867C28 /* Main.storyboard in Resources */,
			);
			runOnlyForDeploymentPostprocessing = 0;
		};
		EB4E3F08223FACE500867C28 /* Resources */ = {
			isa = PBXResourcesBuildPhase;
			buildActionMask = 2147483647;
			files = (
			);
			runOnlyForDeploymentPostprocessing = 0;
		};
		EB4E3F11223FACE600867C28 /* Resources */ = {
			isa = PBXResourcesBuildPhase;
			buildActionMask = 2147483647;
			files = (
				EB4E3F1C223FACE600867C28 /* MainInterface.storyboard in Resources */,
			);
			runOnlyForDeploymentPostprocessing = 0;
		};
/* End PBXResourcesBuildPhase section */

/* Begin PBXSourcesBuildPhase section */
		EB4E3EEA223FA69400867C28 /* Sources */ = {
			isa = PBXSourcesBuildPhase;
			buildActionMask = 2147483647;
			files = (
				EB4E3F05223FAB1600867C28 /* Intents.intentdefinition in Sources */,
				EB4E3EF4223FA69400867C28 /* ViewController.swift in Sources */,
				EB4E3EF2223FA69400867C28 /* AppDelegate.swift in Sources */,
				EB4E3F2F223FCBB700867C28 /* SwitchLightsIntentHandler.swift in Sources */,
			);
			runOnlyForDeploymentPostprocessing = 0;
		};
		EB4E3F06223FACE500867C28 /* Sources */ = {
			isa = PBXSourcesBuildPhase;
			buildActionMask = 2147483647;
			files = (
				EB4E3F2E223FAD6000867C28 /* SwitchLightsIntentHandler.swift in Sources */,
				EB4E3F2B223FAD1600867C28 /* Intents.intentdefinition in Sources */,
				EB4E3F0D223FACE500867C28 /* IntentHandler.swift in Sources */,
			);
			runOnlyForDeploymentPostprocessing = 0;
		};
		EB4E3F0F223FACE600867C28 /* Sources */ = {
			isa = PBXSourcesBuildPhase;
			buildActionMask = 2147483647;
			files = (
				EB4E3F2C223FAD1700867C28 /* Intents.intentdefinition in Sources */,
				EB4E3F19223FACE600867C28 /* IntentViewController.swift in Sources */,
			);
			runOnlyForDeploymentPostprocessing = 0;
		};
/* End PBXSourcesBuildPhase section */

/* Begin PBXTargetDependency section */
		EB4E3F1F223FACE600867C28 /* PBXTargetDependency */ = {
			isa = PBXTargetDependency;
			target = EB4E3F12223FACE600867C28 /* IntentUI */;
			targetProxy = EB4E3F1E223FACE600867C28 /* PBXContainerItemProxy */;
		};
		EB4E3F22223FACE600867C28 /* PBXTargetDependency */ = {
			isa = PBXTargetDependency;
			target = EB4E3F09223FACE500867C28 /* Intent */;
			targetProxy = EB4E3F21223FACE600867C28 /* PBXContainerItemProxy */;
		};
/* End PBXTargetDependency section */

/* Begin PBXVariantGroup section */
		EB4E3EF5223FA69400867C28 /* Main.storyboard */ = {
			isa = PBXVariantGroup;
			children = (
				EB4E3EF6223FA69400867C28 /* Base */,
			);
			name = Main.storyboard;
			sourceTree = "<group>";
		};
		EB4E3EFA223FA69500867C28 /* LaunchScreen.storyboard */ = {
			isa = PBXVariantGroup;
			children = (
				EB4E3EFB223FA69500867C28 /* Base */,
			);
			name = LaunchScreen.storyboard;
			sourceTree = "<group>";
		};
		EB4E3F1A223FACE600867C28 /* MainInterface.storyboard */ = {
			isa = PBXVariantGroup;
			children = (
				EB4E3F1B223FACE600867C28 /* Base */,
			);
			name = MainInterface.storyboard;
			sourceTree = "<group>";
		};
/* End PBXVariantGroup section */

/* Begin XCBuildConfiguration section */
		EB4E3EFE223FA69500867C28 /* Debug */ = {
			isa = XCBuildConfiguration;
			buildSettings = {
				ALWAYS_SEARCH_USER_PATHS = NO;
				CLANG_ANALYZER_NONNULL = YES;
				CLANG_ANALYZER_NUMBER_OBJECT_CONVERSION = YES_AGGRESSIVE;
				CLANG_CXX_LANGUAGE_STANDARD = "gnu++14";
				CLANG_CXX_LIBRARY = "libc++";
				CLANG_ENABLE_MODULES = YES;
				CLANG_ENABLE_OBJC_ARC = YES;
				CLANG_ENABLE_OBJC_WEAK = YES;
				CLANG_WARN_BLOCK_CAPTURE_AUTORELEASING = YES;
				CLANG_WARN_BOOL_CONVERSION = YES;
				CLANG_WARN_COMMA = YES;
				CLANG_WARN_CONSTANT_CONVERSION = YES;
				CLANG_WARN_DEPRECATED_OBJC_IMPLEMENTATIONS = YES;
				CLANG_WARN_DIRECT_OBJC_ISA_USAGE = YES_ERROR;
				CLANG_WARN_DOCUMENTATION_COMMENTS = YES;
				CLANG_WARN_EMPTY_BODY = YES;
				CLANG_WARN_ENUM_CONVERSION = YES;
				CLANG_WARN_INFINITE_RECURSION = YES;
				CLANG_WARN_INT_CONVERSION = YES;
				CLANG_WARN_NON_LITERAL_NULL_CONVERSION = YES;
				CLANG_WARN_OBJC_IMPLICIT_RETAIN_SELF = YES;
				CLANG_WARN_OBJC_LITERAL_CONVERSION = YES;
				CLANG_WARN_OBJC_ROOT_CLASS = YES_ERROR;
				CLANG_WARN_RANGE_LOOP_ANALYSIS = YES;
				CLANG_WARN_STRICT_PROTOTYPES = YES;
				CLANG_WARN_SUSPICIOUS_MOVE = YES;
				CLANG_WARN_UNGUARDED_AVAILABILITY = YES_AGGRESSIVE;
				CLANG_WARN_UNREACHABLE_CODE = YES;
				CLANG_WARN__DUPLICATE_METHOD_MATCH = YES;
				CODE_SIGN_IDENTITY = "iPhone Developer";
				COPY_PHASE_STRIP = NO;
				DEBUG_INFORMATION_FORMAT = dwarf;
				ENABLE_STRICT_OBJC_MSGSEND = YES;
				ENABLE_TESTABILITY = YES;
				GCC_C_LANGUAGE_STANDARD = gnu11;
				GCC_DYNAMIC_NO_PIC = NO;
				GCC_NO_COMMON_BLOCKS = YES;
				GCC_OPTIMIZATION_LEVEL = 0;
				GCC_PREPROCESSOR_DEFINITIONS = (
					"DEBUG=1",
					"$(inherited)",
				);
				GCC_WARN_64_TO_32_BIT_CONVERSION = YES;
				GCC_WARN_ABOUT_RETURN_TYPE = YES_ERROR;
				GCC_WARN_UNDECLARED_SELECTOR = YES;
				GCC_WARN_UNINITIALIZED_AUTOS = YES_AGGRESSIVE;
				GCC_WARN_UNUSED_FUNCTION = YES;
				GCC_WARN_UNUSED_VARIABLE = YES;
				IPHONEOS_DEPLOYMENT_TARGET = 12.1;
				MTL_ENABLE_DEBUG_INFO = INCLUDE_SOURCE;
				MTL_FAST_MATH = YES;
				ONLY_ACTIVE_ARCH = YES;
				SDKROOT = iphoneos;
				SWIFT_ACTIVE_COMPILATION_CONDITIONS = DEBUG;
				SWIFT_OPTIMIZATION_LEVEL = "-Onone";
			};
			name = Debug;
		};
		EB4E3EFF223FA69500867C28 /* Release */ = {
			isa = XCBuildConfiguration;
			buildSettings = {
				ALWAYS_SEARCH_USER_PATHS = NO;
				CLANG_ANALYZER_NONNULL = YES;
				CLANG_ANALYZER_NUMBER_OBJECT_CONVERSION = YES_AGGRESSIVE;
				CLANG_CXX_LANGUAGE_STANDARD = "gnu++14";
				CLANG_CXX_LIBRARY = "libc++";
				CLANG_ENABLE_MODULES = YES;
				CLANG_ENABLE_OBJC_ARC = YES;
				CLANG_ENABLE_OBJC_WEAK = YES;
				CLANG_WARN_BLOCK_CAPTURE_AUTORELEASING = YES;
				CLANG_WARN_BOOL_CONVERSION = YES;
				CLANG_WARN_COMMA = YES;
				CLANG_WARN_CONSTANT_CONVERSION = YES;
				CLANG_WARN_DEPRECATED_OBJC_IMPLEMENTATIONS = YES;
				CLANG_WARN_DIRECT_OBJC_ISA_USAGE = YES_ERROR;
				CLANG_WARN_DOCUMENTATION_COMMENTS = YES;
				CLANG_WARN_EMPTY_BODY = YES;
				CLANG_WARN_ENUM_CONVERSION = YES;
				CLANG_WARN_INFINITE_RECURSION = YES;
				CLANG_WARN_INT_CONVERSION = YES;
				CLANG_WARN_NON_LITERAL_NULL_CONVERSION = YES;
				CLANG_WARN_OBJC_IMPLICIT_RETAIN_SELF = YES;
				CLANG_WARN_OBJC_LITERAL_CONVERSION = YES;
				CLANG_WARN_OBJC_ROOT_CLASS = YES_ERROR;
				CLANG_WARN_RANGE_LOOP_ANALYSIS = YES;
				CLANG_WARN_STRICT_PROTOTYPES = YES;
				CLANG_WARN_SUSPICIOUS_MOVE = YES;
				CLANG_WARN_UNGUARDED_AVAILABILITY = YES_AGGRESSIVE;
				CLANG_WARN_UNREACHABLE_CODE = YES;
				CLANG_WARN__DUPLICATE_METHOD_MATCH = YES;
				CODE_SIGN_IDENTITY = "iPhone Developer";
				COPY_PHASE_STRIP = NO;
				DEBUG_INFORMATION_FORMAT = "dwarf-with-dsym";
				ENABLE_NS_ASSERTIONS = NO;
				ENABLE_STRICT_OBJC_MSGSEND = YES;
				GCC_C_LANGUAGE_STANDARD = gnu11;
				GCC_NO_COMMON_BLOCKS = YES;
				GCC_WARN_64_TO_32_BIT_CONVERSION = YES;
				GCC_WARN_ABOUT_RETURN_TYPE = YES_ERROR;
				GCC_WARN_UNDECLARED_SELECTOR = YES;
				GCC_WARN_UNINITIALIZED_AUTOS = YES_AGGRESSIVE;
				GCC_WARN_UNUSED_FUNCTION = YES;
				GCC_WARN_UNUSED_VARIABLE = YES;
				IPHONEOS_DEPLOYMENT_TARGET = 12.1;
				MTL_ENABLE_DEBUG_INFO = NO;
				MTL_FAST_MATH = YES;
				SDKROOT = iphoneos;
				SWIFT_COMPILATION_MODE = wholemodule;
				SWIFT_OPTIMIZATION_LEVEL = "-O";
				VALIDATE_PRODUCT = YES;
			};
			name = Release;
		};
		EB4E3F01223FA69500867C28 /* Debug */ = {
			isa = XCBuildConfiguration;
			buildSettings = {
				ALWAYS_EMBED_SWIFT_STANDARD_LIBRARIES = YES;
				ASSETCATALOG_COMPILER_APPICON_NAME = AppIcon;
				CODE_SIGN_ENTITLEMENTS = Siri/Siri.entitlements;
				CODE_SIGN_STYLE = Automatic;
				DEVELOPMENT_TEAM = GA9P9633N5;
				INFOPLIST_FILE = Siri/Info.plist;
				LD_RUNPATH_SEARCH_PATHS = (
					"$(inherited)",
					"@executable_path/Frameworks",
				);
				PRODUCT_BUNDLE_IDENTIFIER = com.daresay.Siri;
				PRODUCT_NAME = "$(TARGET_NAME)";
				SWIFT_VERSION = 4.2;
				TARGETED_DEVICE_FAMILY = "1,2";
			};
			name = Debug;
		};
		EB4E3F02223FA69500867C28 /* Release */ = {
			isa = XCBuildConfiguration;
			buildSettings = {
				ALWAYS_EMBED_SWIFT_STANDARD_LIBRARIES = YES;
				ASSETCATALOG_COMPILER_APPICON_NAME = AppIcon;
				CODE_SIGN_ENTITLEMENTS = Siri/Siri.entitlements;
				CODE_SIGN_STYLE = Automatic;
				DEVELOPMENT_TEAM = GA9P9633N5;
				INFOPLIST_FILE = Siri/Info.plist;
				LD_RUNPATH_SEARCH_PATHS = (
					"$(inherited)",
					"@executable_path/Frameworks",
				);
				PRODUCT_BUNDLE_IDENTIFIER = com.daresay.Siri;
				PRODUCT_NAME = "$(TARGET_NAME)";
				SWIFT_VERSION = 4.2;
				TARGETED_DEVICE_FAMILY = "1,2";
			};
			name = Release;
		};
		EB4E3F25223FACE600867C28 /* Debug */ = {
			isa = XCBuildConfiguration;
			buildSettings = {
				CODE_SIGN_STYLE = Automatic;
				DEVELOPMENT_TEAM = GA9P9633N5;
				INFOPLIST_FILE = IntentUI/Info.plist;
				LD_RUNPATH_SEARCH_PATHS = (
					"$(inherited)",
					"@executable_path/Frameworks",
					"@executable_path/../../Frameworks",
				);
				PRODUCT_BUNDLE_IDENTIFIER = com.daresay.Siri.IntentUI;
				PRODUCT_NAME = "$(TARGET_NAME)";
				SKIP_INSTALL = YES;
				SWIFT_VERSION = 4.2;
				TARGETED_DEVICE_FAMILY = "1,2";
			};
			name = Debug;
		};
		EB4E3F26223FACE600867C28 /* Release */ = {
			isa = XCBuildConfiguration;
			buildSettings = {
				CODE_SIGN_STYLE = Automatic;
				DEVELOPMENT_TEAM = GA9P9633N5;
				INFOPLIST_FILE = IntentUI/Info.plist;
				LD_RUNPATH_SEARCH_PATHS = (
					"$(inherited)",
					"@executable_path/Frameworks",
					"@executable_path/../../Frameworks",
				);
				PRODUCT_BUNDLE_IDENTIFIER = com.daresay.Siri.IntentUI;
				PRODUCT_NAME = "$(TARGET_NAME)";
				SKIP_INSTALL = YES;
				SWIFT_VERSION = 4.2;
				TARGETED_DEVICE_FAMILY = "1,2";
			};
			name = Release;
		};
		EB4E3F28223FACE600867C28 /* Debug */ = {
			isa = XCBuildConfiguration;
			buildSettings = {
				CODE_SIGN_STYLE = Automatic;
				DEVELOPMENT_TEAM = GA9P9633N5;
				INFOPLIST_FILE = Intent/Info.plist;
				LD_RUNPATH_SEARCH_PATHS = (
					"$(inherited)",
					"@executable_path/Frameworks",
					"@executable_path/../../Frameworks",
				);
				PRODUCT_BUNDLE_IDENTIFIER = com.daresay.Siri.Intent;
				PRODUCT_NAME = "$(TARGET_NAME)";
				SKIP_INSTALL = YES;
				SWIFT_VERSION = 4.2;
				TARGETED_DEVICE_FAMILY = "1,2";
			};
			name = Debug;
		};
		EB4E3F29223FACE600867C28 /* Release */ = {
			isa = XCBuildConfiguration;
			buildSettings = {
				CODE_SIGN_STYLE = Automatic;
				DEVELOPMENT_TEAM = GA9P9633N5;
				INFOPLIST_FILE = Intent/Info.plist;
				LD_RUNPATH_SEARCH_PATHS = (
					"$(inherited)",
					"@executable_path/Frameworks",
					"@executable_path/../../Frameworks",
				);
				PRODUCT_BUNDLE_IDENTIFIER = com.daresay.Siri.Intent;
				PRODUCT_NAME = "$(TARGET_NAME)";
				SKIP_INSTALL = YES;
				SWIFT_VERSION = 4.2;
				TARGETED_DEVICE_FAMILY = "1,2";
			};
			name = Release;
		};
/* End XCBuildConfiguration section */

/* Begin XCConfigurationList section */
		EB4E3EE9223FA69400867C28 /* Build configuration list for PBXProject "Siri" */ = {
			isa = XCConfigurationList;
			buildConfigurations = (
				EB4E3EFE223FA69500867C28 /* Debug */,
				EB4E3EFF223FA69500867C28 /* Release */,
			);
			defaultConfigurationIsVisible = 0;
			defaultConfigurationName = Release;
		};
		EB4E3F00223FA69500867C28 /* Build configuration list for PBXNativeTarget "Siri" */ = {
			isa = XCConfigurationList;
			buildConfigurations = (
				EB4E3F01223FA69500867C28 /* Debug */,
				EB4E3F02223FA69500867C28 /* Release */,
			);
			defaultConfigurationIsVisible = 0;
			defaultConfigurationName = Release;
		};
		EB4E3F24223FACE600867C28 /* Build configuration list for PBXNativeTarget "IntentUI" */ = {
			isa = XCConfigurationList;
			buildConfigurations = (
				EB4E3F25223FACE600867C28 /* Debug */,
				EB4E3F26223FACE600867C28 /* Release */,
			);
			defaultConfigurationIsVisible = 0;
			defaultConfigurationName = Release;
		};
		EB4E3F27223FACE600867C28 /* Build configuration list for PBXNativeTarget "Intent" */ = {
			isa = XCConfigurationList;
			buildConfigurations = (
				EB4E3F28223FACE600867C28 /* Debug */,
				EB4E3F29223FACE600867C28 /* Release */,
			);
			defaultConfigurationIsVisible = 0;
			defaultConfigurationName = Release;
		};
/* End XCConfigurationList section */
	};
	rootObject = EB4E3EE6223FA69400867C28 /* Project object */;
}
